{
  "name": "@malagu/koa-adapter",
  "version": "0.1.1",
  "lockfileVersion": 1,
  "requires": true,
  "dependencies": {
    "@types/accepts": {
      "version": "1.3.5",
      "resolved": "https://registry.npm.taobao.org/@types/accepts/download/@types/accepts-1.3.5.tgz",
      "integrity": "sha1-w0vsEVz8dG4E/loFnfTOfns5FXU=",
      "requires": {
        "@types/node": "*"
      }
    },
    "@types/body-parser": {
      "version": "1.17.0",
      "resolved": "https://registry.npm.taobao.org/@types/body-parser/download/@types/body-parser-1.17.0.tgz",
      "integrity": "sha1-n1ydm9BLtUvjLV65/A2Ml05s9Yw=",
      "requires": {
        "@types/connect": "*",
        "@types/node": "*"
      }
    },
    "@types/connect": {
      "version": "3.4.32",
      "resolved": "http://registry.npm.taobao.org/@types/connect/download/@types/connect-3.4.32.tgz",
      "integrity": "sha1-qg6WFrlDXMrQK8UrW0VP/Cxwuig=",
      "requires": {
        "@types/node": "*"
      }
    },
    "@types/cookies": {
      "version": "0.7.2",
      "resolved": "https://registry.npm.taobao.org/@types/cookies/download/@types/cookies-0.7.2.tgz?cache=0&other_urls=https%3A%2F%2Fregistry.npm.taobao.org%2F%40types%2Fcookies%2Fdownload%2F%40types%2Fcookies-0.7.2.tgz",
      "integrity": "sha1-XgVg1G7ZmYCC3OeZrxBY3WpJeAo=",
      "requires": {
        "@types/connect": "*",
        "@types/express": "*",
        "@types/keygrip": "*",
        "@types/node": "*"
      }
    },
    "@types/events": {
      "version": "3.0.0",
      "resolved": "https://registry.npm.taobao.org/@types/events/download/@types/events-3.0.0.tgz",
      "integrity": "sha1-KGLz9Yqaf3w+eNefEw3U1xwlwqc=",
      "dev": true
    },
    "@types/express": {
      "version": "4.17.0",
      "resolved": "https://registry.npm.taobao.org/@types/express/download/@types/express-4.17.0.tgz",
      "integrity": "sha1-SertsglYKobxLtm3JRYPEtBO8oc=",
      "requires": {
        "@types/body-parser": "*",
        "@types/express-serve-static-core": "*",
        "@types/serve-static": "*"
      }
    },
    "@types/express-serve-static-core": {
      "version": "4.16.7",
      "resolved": "https://registry.npm.taobao.org/@types/express-serve-static-core/download/@types/express-serve-static-core-4.16.7.tgz",
      "integrity": "sha1-ULpvimkcCKPdn6f7ol7zEz0pgEk=",
      "requires": {
        "@types/node": "*",
        "@types/range-parser": "*"
      }
    },
    "@types/http-assert": {
      "version": "1.5.0",
      "resolved": "https://registry.npm.taobao.org/@types/http-assert/download/@types/http-assert-1.5.0.tgz?cache=0&other_urls=https%3A%2F%2Fregistry.npm.taobao.org%2F%40types%2Fhttp-assert%2Fdownload%2F%40types%2Fhttp-assert-1.5.0.tgz",
      "integrity": "sha1-VslcabUecWiw1nJwBdH7KgCq75Q="
    },
    "@types/keygrip": {
      "version": "1.0.1",
      "resolved": "https://registry.npm.taobao.org/@types/keygrip/download/@types/keygrip-1.0.1.tgz",
      "integrity": "sha1-/1QEYtL7TQqIRBzq8n0oewHD2Hg="
    },
    "@types/koa": {
      "version": "2.0.49",
      "resolved": "https://registry.npm.taobao.org/@types/koa/download/@types/koa-2.0.49.tgz",
      "integrity": "sha1-j/wt291xWiw5KiGMZ+EWywcAcjQ=",
      "requires": {
        "@types/accepts": "*",
        "@types/cookies": "*",
        "@types/http-assert": "*",
        "@types/keygrip": "*",
        "@types/koa-compose": "*",
        "@types/node": "*"
      }
    },
    "@types/koa-compose": {
      "version": "3.2.4",
      "resolved": "https://registry.npm.taobao.org/@types/koa-compose/download/@types/koa-compose-3.2.4.tgz",
      "integrity": "sha1-dqRhY0pZw+E0SYMXCLubNV+xVI4=",
      "requires": {
        "@types/koa": "*"
      }
    },
    "@types/koa-route": {
      "version": "3.2.4",
      "resolved": "https://registry.npm.taobao.org/@types/koa-route/download/@types/koa-route-3.2.4.tgz",
      "integrity": "sha1-Zf4zCPALszxdDZWnm0QcMKaxyYk=",
      "dev": true,
      "requires": {
        "@types/koa": "*",
        "path-to-regexp": "^1.7.0"
      }
    },
    "@types/koa-websocket": {
      "version": "5.0.4",
      "resolved": "https://registry.npm.taobao.org/@types/koa-websocket/download/@types/koa-websocket-5.0.4.tgz",
      "integrity": "sha1-zojXkcM7KkNW2kz6G7xM1dud44o=",
      "dev": true,
      "requires": {
        "@types/koa": "*",
        "@types/koa-compose": "*",
        "@types/ws": "*"
      }
    },
    "@types/mime": {
      "version": "2.0.1",
      "resolved": "http://registry.npm.taobao.org/@types/mime/download/@types/mime-2.0.1.tgz",
      "integrity": "sha1-3EiIQjEqfwdRSTEpBbXjwLBUx50="
    },
    "@types/node": {
      "version": "12.6.6",
      "resolved": "https://registry.npm.taobao.org/@types/node/download/@types/node-12.6.6.tgz",
      "integrity": "sha1-gxWHN3w1uyj6M7b+X4SaJqP0pBI="
    },
    "@types/range-parser": {
      "version": "1.2.3",
      "resolved": "http://registry.npm.taobao.org/@types/range-parser/download/@types/range-parser-1.2.3.tgz",
      "integrity": "sha1-fuMwunyq+5gJC+zoal7kQRWQTCw="
    },
    "@types/serve-static": {
      "version": "1.13.2",
      "resolved": "http://registry.npm.taobao.org/@types/serve-static/download/@types/serve-static-1.13.2.tgz",
      "integrity": "sha1-9axNemQgqZpqRa9HGfTc2M2Qekg=",
      "requires": {
        "@types/express-serve-static-core": "*",
        "@types/mime": "*"
      }
    },
    "@types/ws": {
      "version": "6.0.1",
      "resolved": "https://registry.npm.taobao.org/@types/ws/download/@types/ws-6.0.1.tgz",
      "integrity": "sha1-yno/N1aqEvYqCmIUXtFMbbJdWig=",
      "dev": true,
      "requires": {
        "@types/events": "*",
        "@types/node": "*"
      }
    },
    "isarray": {
      "version": "0.0.1",
      "resolved": "https://registry.npm.taobao.org/isarray/download/isarray-0.0.1.tgz?cache=0&sync_timestamp=1562592096220&other_urls=https%3A%2F%2Fregistry.npm.taobao.org%2Fisarray%2Fdownload%2Fisarray-0.0.1.tgz",
      "integrity": "sha1-ihis/Kmo9Bd+Cav8YDiTmwXR7t8=",
      "dev": true
    },
    "path-to-regexp": {
      "version": "1.7.0",
      "resolved": "http://registry.npm.taobao.org/path-to-regexp/download/path-to-regexp-1.7.0.tgz",
      "integrity": "sha1-Wf3g9DW62suhA6hOnTvGTpa5k30=",
      "dev": true,
      "requires": {
        "isarray": "0.0.1"
      }
    }
  }
}
